<?xml version="1.0" encoding="utf-8"?>
<Project ToolsVersion="4.0" xmlns="http://schemas.microsoft.com/developer/msbuild/2003">
  <ItemGroup>
    <Filter Include="Source Files">
      <UniqueIdentifier>{4FC737F1-C7A5-4376-A066-2A32D752A2FF}</UniqueIdentifier>
      <Extensions>cpp;c;cc;cxx;def;odl;idl;hpj;bat;asm;asmx</Extensions>
    </Filter>
    <Filter Include="EnkiTS">
      <UniqueIdentifier>{d683e2c2-dc5e-4be0-944a-7583d2fbc473}</UniqueIdentifier>
    </Filter>
  </ItemGroup>
  <ItemGroup>
    <ClInclude Include="src\enkiTS\Atomics.h">
      <Filter>EnkiTS</Filter>
    </ClInclude>
    <ClInclude Include="src\enkiTS\LockLessMultiReadPipe.h">
      <Filter>EnkiTS</Filter>
    </ClInclude>
    <ClInclude Include="src\enkiTS\TaskScheduler.h">
      <Filter>EnkiTS</Filter>
    </ClInclude>
    <ClInclude Include="src\enkiTS\TaskScheduler_c.h">
      <Filter>EnkiTS</Filter>
    </ClInclude>
    <ClInclude Include="src\enkiTS\Threads.h">
      <Filter>EnkiTS</Filter>
    </ClInclude>
    <ClInclude Include="src\vec3.h">
      <Filter>Source Files</Filter>
    </ClInclude>
    <ClInclude Include="src\targetver.h">
      <Filter>Source Files</Filter>
    </ClInclude>
    <ClInclude Include="src\material.h">
      <Filter>Source Files</Filter>
    </ClInclude>
    <ClInclude Include="src\math.h">
      <Filter>Source Files</Filter>
    </ClInclude>
  </ItemGroup>
  <ItemGroup>
    <ClCompile Include="src\enkiTS\TaskScheduler_c.cpp">
      <Filter>EnkiTS</Filter>
    </ClCompile>
    <ClCompile Include="src\enkiTS\TaskScheduler.cpp">
      <Filter>EnkiTS</Filter>
    </ClCompile>
    <ClCompile Include="src\PathTracer.cpp">
      <Filter>Source Files</Filter>
    </ClCompile>
  </ItemGroup>
</Project>