
Microsoft Visual Studio Solution File, Format Version 12.00
# Visual Studio 15
VisualStudioVersion = 15.0.27130.2027
MinimumVisualStudioVersion = 10.0.40219.1
Project("{8BC9CEB8-8B4A-11D0-8D11-00A0C91BC942}") = "PathTracer00", "PathTracer00.vcxproj", "{7E2BC7BD-093A-452E-91E4-257284D74685}"
EndProject
Global
	GlobalSection(SolutionConfigurationPlatforms) = preSolution
		Debug|x64 = Debug|x64
		Debug|x86 = Debug|x86
		Release|x64 = Release|x64
		Release|x86 = Release|x86
	EndGlobalSection
	GlobalSection(ProjectConfigurationPlatforms) = postSolution
		{7E2BC7BD-093A-452E-91E4-257284D74685}.Debug|x64.ActiveCfg = Debug|x64
		{7E2BC7BD-093A-452E-91E4-257284D74685}.Debug|x64.Build.0 = Debug|x64
		{7E2BC7BD-093A-452E-91E4-257284D74685}.Debug|x86.ActiveCfg = Debug|Win32
		{7E2BC7BD-093A-452E-91E4-257284D74685}.Debug|x86.Build.0 = Debug|Win32
		{7E2BC7BD-093A-452E-91E4-257284D74685}.Release|x64.ActiveCfg = Release|x64
		{7E2BC7BD-093A-452E-91E4-257284D74685}.Release|x64.Build.0 = Release|x64
		{7E2BC7BD-093A-452E-91E4-257284D74685}.Release|x86.ActiveCfg = Release|Win32
		{7E2BC7BD-093A-452E-91E4-257284D74685}.Release|x86.Build.0 = Release|Win32
	EndGlobalSection
	GlobalSection(SolutionProperties) = preSolution
		HideSolutionNode = FALSE
	EndGlobalSection
	GlobalSection(ExtensibilityGlobals) = postSolution
		SolutionGuid = {FC372CB6-4BE3-4259-B1DE-46A7A4DA18E6}
	EndGlobalSection
EndGlobal
